
Microsoft Visual Studio Solution File, Format Version 12.00
# Visual Studio 15
VisualStudioVersion = 15.0.26124.0
MinimumVisualStudioVersion = 15.0.26124.0
Project("{FAE04EC0-301F-11D3-BF4B-00C04F79EFBC}") = "Hydra.Bff.Orders", "Hydra.Bff.Orders\Hydra.Bff.Orders.csproj", "{7F30A7F2-9862-4F0C-AECE-50D342AF1018}"
EndProject
Project("{2150E333-8FDC-42A3-9474-1A3956D46DE8}") = "Building Blocks", "Building Blocks", "{BAAEBCC0-0F31-11EB-9971-930483F308D9}"
EndProject
Project("{FAE04EC0-301F-11D3-BF4B-00C04F79EFBC}") = "Hydra.Core", "..\hydra-core\Hydra.Core\Hydra.Core.csproj", "{5C93C08C-6550-4929-A480-4C819CED66A7}"
EndProject
Project("{FAE04EC0-301F-11D3-BF4B-00C04F79EFBC}") = "Hydra.Core.MessageBus", "..\hydra-core\Hydra.Core.MessageBus\Hydra.Core.MessageBus.csproj", "{37245843-AB1D-4E4A-8818-12FF1F71FB4D}"
EndProject
Project("{FAE04EC0-301F-11D3-BF4B-00C04F79EFBC}") = "Hydra.WebAPI.Core", "..\hydra-core\Hydra.WebAPI.Core\Hydra.WebAPI.Core.csproj", "{5CF7F517-6898-4BD7-9A58-064AE7898B12}"
EndProject
Global
	GlobalSection(SolutionConfigurationPlatforms) = preSolution
		Debug|Any CPU = Debug|Any CPU
		Debug|x64 = Debug|x64
		Debug|x86 = Debug|x86
		Release|Any CPU = Release|Any CPU
		Release|x64 = Release|x64
		Release|x86 = Release|x86
	EndGlobalSection
	GlobalSection(SolutionProperties) = preSolution
		HideSolutionNode = FALSE
	EndGlobalSection
	GlobalSection(ProjectConfigurationPlatforms) = postSolution
		{7F30A7F2-9862-4F0C-AECE-50D342AF1018}.Debug|Any CPU.ActiveCfg = Debug|Any CPU
		{7F30A7F2-9862-4F0C-AECE-50D342AF1018}.Debug|Any CPU.Build.0 = Debug|Any CPU
		{7F30A7F2-9862-4F0C-AECE-50D342AF1018}.Debug|x64.ActiveCfg = Debug|Any CPU
		{7F30A7F2-9862-4F0C-AECE-50D342AF1018}.Debug|x64.Build.0 = Debug|Any CPU
		{7F30A7F2-9862-4F0C-AECE-50D342AF1018}.Debug|x86.ActiveCfg = Debug|Any CPU
		{7F30A7F2-9862-4F0C-AECE-50D342AF1018}.Debug|x86.Build.0 = Debug|Any CPU
		{7F30A7F2-9862-4F0C-AECE-50D342AF1018}.Release|Any CPU.ActiveCfg = Release|Any CPU
		{7F30A7F2-9862-4F0C-AECE-50D342AF1018}.Release|Any CPU.Build.0 = Release|Any CPU
		{7F30A7F2-9862-4F0C-AECE-50D342AF1018}.Release|x64.ActiveCfg = Release|Any CPU
		{7F30A7F2-9862-4F0C-AECE-50D342AF1018}.Release|x64.Build.0 = Release|Any CPU
		{7F30A7F2-9862-4F0C-AECE-50D342AF1018}.Release|x86.ActiveCfg = Release|Any CPU
		{7F30A7F2-9862-4F0C-AECE-50D342AF1018}.Release|x86.Build.0 = Release|Any CPU
		{5C93C08C-6550-4929-A480-4C819CED66A7}.Debug|Any CPU.ActiveCfg = Debug|Any CPU
		{5C93C08C-6550-4929-A480-4C819CED66A7}.Debug|Any CPU.Build.0 = Debug|Any CPU
		{5C93C08C-6550-4929-A480-4C819CED66A7}.Debug|x64.ActiveCfg = Debug|Any CPU
		{5C93C08C-6550-4929-A480-4C819CED66A7}.Debug|x64.Build.0 = Debug|Any CPU
		{5C93C08C-6550-4929-A480-4C819CED66A7}.Debug|x86.ActiveCfg = Debug|Any CPU
		{5C93C08C-6550-4929-A480-4C819CED66A7}.Debug|x86.Build.0 = Debug|Any CPU
		{5C93C08C-6550-4929-A480-4C819CED66A7}.Release|Any CPU.ActiveCfg = Release|Any CPU
		{5C93C08C-6550-4929-A480-4C819CED66A7}.Release|Any CPU.Build.0 = Release|Any CPU
		{5C93C08C-6550-4929-A480-4C819CED66A7}.Release|x64.ActiveCfg = Release|Any CPU
		{5C93C08C-6550-4929-A480-4C819CED66A7}.Release|x64.Build.0 = Release|Any CPU
		{5C93C08C-6550-4929-A480-4C819CED66A7}.Release|x86.ActiveCfg = Release|Any CPU
		{5C93C08C-6550-4929-A480-4C819CED66A7}.Release|x86.Build.0 = Release|Any CPU
		{37245843-AB1D-4E4A-8818-12FF1F71FB4D}.Debug|Any CPU.ActiveCfg = Debug|Any CPU
		{37245843-AB1D-4E4A-8818-12FF1F71FB4D}.Debug|Any CPU.Build.0 = Debug|Any CPU
		{37245843-AB1D-4E4A-8818-12FF1F71FB4D}.Debug|x64.ActiveCfg = Debug|Any CPU
		{37245843-AB1D-4E4A-8818-12FF1F71FB4D}.Debug|x64.Build.0 = Debug|Any CPU
		{37245843-AB1D-4E4A-8818-12FF1F71FB4D}.Debug|x86.ActiveCfg = Debug|Any CPU
		{37245843-AB1D-4E4A-8818-12FF1F71FB4D}.Debug|x86.Build.0 = Debug|Any CPU
		{37245843-AB1D-4E4A-8818-12FF1F71FB4D}.Release|Any CPU.ActiveCfg = Release|Any CPU
		{37245843-AB1D-4E4A-8818-12FF1F71FB4D}.Release|Any CPU.Build.0 = Release|Any CPU
		{37245843-AB1D-4E4A-8818-12FF1F71FB4D}.Release|x64.ActiveCfg = Release|Any CPU
		{37245843-AB1D-4E4A-8818-12FF1F71FB4D}.Release|x64.Build.0 = Release|Any CPU
		{37245843-AB1D-4E4A-8818-12FF1F71FB4D}.Release|x86.ActiveCfg = Release|Any CPU
		{37245843-AB1D-4E4A-8818-12FF1F71FB4D}.Release|x86.Build.0 = Release|Any CPU
		{5CF7F517-6898-4BD7-9A58-064AE7898B12}.Debug|Any CPU.ActiveCfg = Debug|Any CPU
		{5CF7F517-6898-4BD7-9A58-064AE7898B12}.Debug|Any CPU.Build.0 = Debug|Any CPU
		{5CF7F517-6898-4BD7-9A58-064AE7898B12}.Debug|x64.ActiveCfg = Debug|Any CPU
		{5CF7F517-6898-4BD7-9A58-064AE7898B12}.Debug|x64.Build.0 = Debug|Any CPU
		{5CF7F517-6898-4BD7-9A58-064AE7898B12}.Debug|x86.ActiveCfg = Debug|Any CPU
		{5CF7F517-6898-4BD7-9A58-064AE7898B12}.Debug|x86.Build.0 = Debug|Any CPU
		{5CF7F517-6898-4BD7-9A58-064AE7898B12}.Release|Any CPU.ActiveCfg = Release|Any CPU
		{5CF7F517-6898-4BD7-9A58-064AE7898B12}.Release|Any CPU.Build.0 = Release|Any CPU
		{5CF7F517-6898-4BD7-9A58-064AE7898B12}.Release|x64.ActiveCfg = Release|Any CPU
		{5CF7F517-6898-4BD7-9A58-064AE7898B12}.Release|x64.Build.0 = Release|Any CPU
		{5CF7F517-6898-4BD7-9A58-064AE7898B12}.Release|x86.ActiveCfg = Release|Any CPU
		{5CF7F517-6898-4BD7-9A58-064AE7898B12}.Release|x86.Build.0 = Release|Any CPU
	EndGlobalSection
	GlobalSection(NestedProjects) = preSolution
		{5CF7F517-6898-4BD7-9A58-064AE7898B12} = {BAAEBCC0-0F31-11EB-9971-930483F308D9}
		{37245843-AB1D-4E4A-8818-12FF1F71FB4D} = {BAAEBCC0-0F31-11EB-9971-930483F308D9}
		{5C93C08C-6550-4929-A480-4C819CED66A7} = {BAAEBCC0-0F31-11EB-9971-930483F308D9}
	EndGlobalSection
EndGlobal
